// !$*UTF8*$!
{
	archiveVersion = 1;
	classes = {
	};
	objectVersion = 56;
	objects = {

/* Begin PBXBuildFile section */
		DB4E0DF729F7D822007D6341 /* ExampleAppApp.swift in Sources */ = {isa = PBXBuildFile; fileRef = DB4E0DF629F7D822007D6341 /* ExampleAppApp.swift */; };
		DB4E0DF929F7D822007D6341 /* ContentView.swift in Sources */ = {isa = PBXBuildFile; fileRef = DB4E0DF829F7D822007D6341 /* ContentView.swift */; };
		DB4E0DFB29F7D827007D6341 /* Assets.xcassets in Resources */ = {isa = PBXBuildFile; fileRef = DB4E0DFA29F7D827007D6341 /* Assets.xcassets */; };
		DB4E0DFE29F7D827007D6341 /* Preview Assets.xcassets in Resources */ = {isa = PBXBuildFile; fileRef = DB4E0DFD29F7D827007D6341 /* Preview Assets.xcassets */; };
		DB4E0E0029F7D827007D6341 /* Persistence.swift in Sources */ = {isa = PBXBuildFile; fileRef = DB4E0DFF29F7D827007D6341 /* Persistence.swift */; };
		DB4E0E0329F7D827007D6341 /* ExampleApp.xcdatamodeld in Sources */ = {isa = PBXBuildFile; fileRef = DB4E0E0129F7D827007D6341 /* ExampleApp.xcdatamodeld */; };
		DB4E0E0E29F7D828007D6341 /* ExampleAppTests.swift in Sources */ = {isa = PBXBuildFile; fileRef = DB4E0E0D29F7D828007D6341 /* ExampleAppTests.swift */; };
		DB4E0E1829F7D828007D6341 /* ExampleAppUITests.swift in Sources */ = {isa = PBXBuildFile; fileRef = DB4E0E1729F7D828007D6341 /* ExampleAppUITests.swift */; };
		DB4E0E1A29F7D828007D6341 /* ExampleAppUITestsLaunchTests.swift in Sources */ = {isa = PBXBuildFile; fileRef = DB4E0E1929F7D828007D6341 /* ExampleAppUITestsLaunchTests.swift */; };
		DB4E0E2729F7D8BD007D6341 /* ViewModel.swift in Sources */ = {isa = PBXBuildFile; fileRef = DB4E0E2629F7D8BD007D6341 /* ViewModel.swift */; };
		DBF9FF602A0E5C2900C3645D /* exportOptions.plist in Resources */ = {isa = PBXBuildFile; fileRef = DBF9FF5F2A0E5C2900C3645D /* exportOptions.plist */; };
/* End PBXBuildFile section */

/* Begin PBXContainerItemProxy section */
		DB4E0E0A29F7D828007D6341 /* PBXContainerItemProxy */ = {
			isa = PBXContainerItemProxy;
			containerPortal = DB4E0DEB29F7D821007D6341 /* Project object */;
			proxyType = 1;
			remoteGlobalIDString = DB4E0DF229F7D822007D6341;
			remoteInfo = ExampleApp;
		};
		DB4E0E1429F7D828007D6341 /* PBXContainerItemProxy */ = {
			isa = PBXContainerItemProxy;
			containerPortal = DB4E0DEB29F7D821007D6341 /* Project object */;
			proxyType = 1;
			remoteGlobalIDString = DB4E0DF229F7D822007D6341;
			remoteInfo = ExampleApp;
		};
/* End PBXContainerItemProxy section */

/* Begin PBXFileReference section */
		DB4E0DF329F7D822007D6341 /* ExampleApp.app */ = {isa = PBXFileReference; explicitFileType = wrapper.application; includeInIndex = 0; path = ExampleApp.app; sourceTree = BUILT_PRODUCTS_DIR; };
		DB4E0DF629F7D822007D6341 /* ExampleAppApp.swift */ = {isa = PBXFileReference; lastKnownFileType = sourcecode.swift; path = ExampleAppApp.swift; sourceTree = "<group>"; };
		DB4E0DF829F7D822007D6341 /* ContentView.swift */ = {isa = PBXFileReference; lastKnownFileType = sourcecode.swift; path = ContentView.swift; sourceTree = "<group>"; };
		DB4E0DFA29F7D827007D6341 /* Assets.xcassets */ = {isa = PBXFileReference; lastKnownFileType = folder.assetcatalog; path = Assets.xcassets; sourceTree = "<group>"; };
		DB4E0DFD29F7D827007D6341 /* Preview Assets.xcassets */ = {isa = PBXFileReference; lastKnownFileType = folder.assetcatalog; path = "Preview Assets.xcassets"; sourceTree = "<group>"; };
		DB4E0DFF29F7D827007D6341 /* Persistence.swift */ = {isa = PBXFileReference; lastKnownFileType = sourcecode.swift; path = Persistence.swift; sourceTree = "<group>"; };
		DB4E0E0229F7D827007D6341 /* ExampleApp.xcdatamodel */ = {isa = PBXFileReference; lastKnownFileType = wrapper.xcdatamodel; path = ExampleApp.xcdatamodel; sourceTree = "<group>"; };
		DB4E0E0429F7D827007D6341 /* Info.plist */ = {isa = PBXFileReference; lastKnownFileType = text.plist.xml; path = Info.plist; sourceTree = "<group>"; };
		DB4E0E0929F7D828007D6341 /* ExampleAppTests.xctest */ = {isa = PBXFileReference; explicitFileType = wrapper.cfbundle; includeInIndex = 0; path = ExampleAppTests.xctest; sourceTree = BUILT_PRODUCTS_DIR; };
		DB4E0E0D29F7D828007D6341 /* ExampleAppTests.swift */ = {isa = PBXFileReference; lastKnownFileType = sourcecode.swift; path = ExampleAppTests.swift; sourceTree = "<group>"; };
		DB4E0E1329F7D828007D6341 /* ExampleAppUITests.xctest */ = {isa = PBXFileReference; explicitFileType = wrapper.cfbundle; includeInIndex = 0; path = ExampleAppUITests.xctest; sourceTree = BUILT_PRODUCTS_DIR; };
		DB4E0E1729F7D828007D6341 /* ExampleAppUITests.swift */ = {isa = PBXFileReference; lastKnownFileType = sourcecode.swift; path = ExampleAppUITests.swift; sourceTree = "<group>"; };
		DB4E0E1929F7D828007D6341 /* ExampleAppUITestsLaunchTests.swift */ = {isa = PBXFileReference; lastKnownFileType = sourcecode.swift; path = ExampleAppUITestsLaunchTests.swift; sourceTree = "<group>"; };
		DB4E0E2629F7D8BD007D6341 /* ViewModel.swift */ = {isa = PBXFileReference; lastKnownFileType = sourcecode.swift; path = ViewModel.swift; sourceTree = "<group>"; };
		DBF9FF5F2A0E5C2900C3645D /* exportOptions.plist */ = {isa = PBXFileReference; lastKnownFileType = text.plist; path = exportOptions.plist; sourceTree = SOURCE_ROOT; };
/* End PBXFileReference section */

/* Begin PBXFrameworksBuildPhase section */
		DB4E0DF029F7D822007D6341 /* Frameworks */ = {
			isa = PBXFrameworksBuildPhase;
			buildActionMask = 2147483647;
			files = (
			);
			runOnlyForDeploymentPostprocessing = 0;
		};
		DB4E0E0629F7D828007D6341 /* Frameworks */ = {
			isa = PBXFrameworksBuildPhase;
			buildActionMask = 2147483647;
			files = (
			);
			runOnlyForDeploymentPostprocessing = 0;
		};
		DB4E0E1029F7D828007D6341 /* Frameworks */ = {
			isa = PBXFrameworksBuildPhase;
			buildActionMask = 2147483647;
			files = (
			);
			runOnlyForDeploymentPostprocessing = 0;
		};
/* End PBXFrameworksBuildPhase section */

/* Begin PBXGroup section */
		DB4E0DEA29F7D821007D6341 = {
			isa = PBXGroup;
			children = (
				DB4E0DF529F7D822007D6341 /* ExampleApp */,
				DB4E0E0C29F7D828007D6341 /* ExampleAppTests */,
				DB4E0E1629F7D828007D6341 /* ExampleAppUITests */,
				DB4E0DF429F7D822007D6341 /* Products */,
			);
			sourceTree = "<group>";
		};
		DB4E0DF429F7D822007D6341 /* Products */ = {
			isa = PBXGroup;
			children = (
				DB4E0DF329F7D822007D6341 /* ExampleApp.app */,
				DB4E0E0929F7D828007D6341 /* ExampleAppTests.xctest */,
				DB4E0E1329F7D828007D6341 /* ExampleAppUITests.xctest */,
			);
			name = Products;
			sourceTree = "<group>";
		};
		DB4E0DF529F7D822007D6341 /* ExampleApp */ = {
			isa = PBXGroup;
			children = (
				DBF9FF5F2A0E5C2900C3645D /* exportOptions.plist */,
				DB4E0DF629F7D822007D6341 /* ExampleAppApp.swift */,
				DB4E0E2629F7D8BD007D6341 /* ViewModel.swift */,
				DB4E0DF829F7D822007D6341 /* ContentView.swift */,
				DB4E0DFA29F7D827007D6341 /* Assets.xcassets */,
				DB4E0DFF29F7D827007D6341 /* Persistence.swift */,
				DB4E0E0429F7D827007D6341 /* Info.plist */,
				DB4E0E0129F7D827007D6341 /* ExampleApp.xcdatamodeld */,
				DB4E0DFC29F7D827007D6341 /* Preview Content */,
			);
			path = ExampleApp;
			sourceTree = "<group>";
		};
		DB4E0DFC29F7D827007D6341 /* Preview Content */ = {
			isa = PBXGroup;
			children = (
				DB4E0DFD29F7D827007D6341 /* Preview Assets.xcassets */,
			);
			path = "Preview Content";
			sourceTree = "<group>";
		};
		DB4E0E0C29F7D828007D6341 /* ExampleAppTests */ = {
			isa = PBXGroup;
			children = (
				DB4E0E0D29F7D828007D6341 /* ExampleAppTests.swift */,
			);
			path = ExampleAppTests;
			sourceTree = "<group>";
		};
		DB4E0E1629F7D828007D6341 /* ExampleAppUITests */ = {
			isa = PBXGroup;
			children = (
				DB4E0E1729F7D828007D6341 /* ExampleAppUITests.swift */,
				DB4E0E1929F7D828007D6341 /* ExampleAppUITestsLaunchTests.swift */,
			);
			path = ExampleAppUITests;
			sourceTree = "<group>";
		};
/* End PBXGroup section */

/* Begin PBXNativeTarget section */
		DB4E0DF229F7D822007D6341 /* ExampleApp */ = {
			isa = PBXNativeTarget;
			buildConfigurationList = DB4E0E1D29F7D828007D6341 /* Build configuration list for PBXNativeTarget "ExampleApp" */;
			buildPhases = (
				DB4E0DEF29F7D822007D6341 /* Sources */,
				DB4E0DF029F7D822007D6341 /* Frameworks */,
				DB4E0DF129F7D822007D6341 /* Resources */,
			);
			buildRules = (
			);
			dependencies = (
			);
			name = ExampleApp;
			productName = ExampleApp;
			productReference = DB4E0DF329F7D822007D6341 /* ExampleApp.app */;
			productType = "com.apple.product-type.application";
		};
		DB4E0E0829F7D828007D6341 /* ExampleAppTests */ = {
			isa = PBXNativeTarget;
			buildConfigurationList = DB4E0E2029F7D828007D6341 /* Build configuration list for PBXNativeTarget "ExampleAppTests" */;
			buildPhases = (
				DB4E0E0529F7D828007D6341 /* Sources */,
				DB4E0E0629F7D828007D6341 /* Frameworks */,
				DB4E0E0729F7D828007D6341 /* Resources */,
			);
			buildRules = (
			);
			dependencies = (
				DB4E0E0B29F7D828007D6341 /* PBXTargetDependency */,
			);
			name = ExampleAppTests;
			productName = ExampleAppTests;
			productReference = DB4E0E0929F7D828007D6341 /* ExampleAppTests.xctest */;
			productType = "com.apple.product-type.bundle.unit-test";
		};
		DB4E0E1229F7D828007D6341 /* ExampleAppUITests */ = {
			isa = PBXNativeTarget;
			buildConfigurationList = DB4E0E2329F7D828007D6341 /* Build configuration list for PBXNativeTarget "ExampleAppUITests" */;
			buildPhases = (
				DB4E0E0F29F7D828007D6341 /* Sources */,
				DB4E0E1029F7D828007D6341 /* Frameworks */,
				DB4E0E1129F7D828007D6341 /* Resources */,
			);
			buildRules = (
			);
			dependencies = (
				DB4E0E1529F7D828007D6341 /* PBXTargetDependency */,
			);
			name = ExampleAppUITests;
			productName = ExampleAppUITests;
			productReference = DB4E0E1329F7D828007D6341 /* ExampleAppUITests.xctest */;
			productType = "com.apple.product-type.bundle.ui-testing";
		};
/* End PBXNativeTarget section */

/* Begin PBXProject section */
		DB4E0DEB29F7D821007D6341 /* Project object */ = {
			isa = PBXProject;
			attributes = {
				BuildIndependentTargetsInParallel = 1;
				LastSwiftUpdateCheck = 1420;
				LastUpgradeCheck = 1420;
				TargetAttributes = {
					DB4E0DF229F7D822007D6341 = {
						CreatedOnToolsVersion = 14.2;
					};
					DB4E0E0829F7D828007D6341 = {
						CreatedOnToolsVersion = 14.2;
						TestTargetID = DB4E0DF229F7D822007D6341;
					};
					DB4E0E1229F7D828007D6341 = {
						CreatedOnToolsVersion = 14.2;
						TestTargetID = DB4E0DF229F7D822007D6341;
					};
				};
			};
			buildConfigurationList = DB4E0DEE29F7D821007D6341 /* Build configuration list for PBXProject "ExampleApp" */;
			compatibilityVersion = "Xcode 14.0";
			developmentRegion = en;
			hasScannedForEncodings = 0;
			knownRegions = (
				en,
				Base,
			);
			mainGroup = DB4E0DEA29F7D821007D6341;
			productRefGroup = DB4E0DF429F7D822007D6341 /* Products */;
			projectDirPath = "";
			projectRoot = "";
			targets = (
				DB4E0DF229F7D822007D6341 /* ExampleApp */,
				DB4E0E0829F7D828007D6341 /* ExampleAppTests */,
				DB4E0E1229F7D828007D6341 /* ExampleAppUITests */,
			);
		};
/* End PBXProject section */

/* Begin PBXResourcesBuildPhase section */
		DB4E0DF129F7D822007D6341 /* Resources */ = {
			isa = PBXResourcesBuildPhase;
			buildActionMask = 2147483647;
			files = (
				DB4E0DFE29F7D827007D6341 /* Preview Assets.xcassets in Resources */,
				DBF9FF602A0E5C2900C3645D /* exportOptions.plist in Resources */,
				DB4E0DFB29F7D827007D6341 /* Assets.xcassets in Resources */,
			);
			runOnlyForDeploymentPostprocessing = 0;
		};
		DB4E0E0729F7D828007D6341 /* Resources */ = {
			isa = PBXResourcesBuildPhase;
			buildActionMask = 2147483647;
			files = (
			);
			runOnlyForDeploymentPostprocessing = 0;
		};
		DB4E0E1129F7D828007D6341 /* Resources */ = {
			isa = PBXResourcesBuildPhase;
			buildActionMask = 2147483647;
			files = (
			);
			runOnlyForDeploymentPostprocessing = 0;
		};
/* End PBXResourcesBuildPhase section */

/* Begin PBXSourcesBuildPhase section */
		DB4E0DEF29F7D822007D6341 /* Sources */ = {
			isa = PBXSourcesBuildPhase;
			buildActionMask = 2147483647;
			files = (
				DB4E0E2729F7D8BD007D6341 /* ViewModel.swift in Sources */,
				DB4E0E0329F7D827007D6341 /* ExampleApp.xcdatamodeld in Sources */,
				DB4E0E0029F7D827007D6341 /* Persistence.swift in Sources */,
				DB4E0DF929F7D822007D6341 /* ContentView.swift in Sources */,
				DB4E0DF729F7D822007D6341 /* ExampleAppApp.swift in Sources */,
			);
			runOnlyForDeploymentPostprocessing = 0;
		};
		DB4E0E0529F7D828007D6341 /* Sources */ = {
			isa = PBXSourcesBuildPhase;
			buildActionMask = 2147483647;
			files = (
				DB4E0E0E29F7D828007D6341 /* ExampleAppTests.swift in Sources */,
			);
			runOnlyForDeploymentPostprocessing = 0;
		};
		DB4E0E0F29F7D828007D6341 /* Sources */ = {
			isa = PBXSourcesBuildPhase;
			buildActionMask = 2147483647;
			files = (
				DB4E0E1829F7D828007D6341 /* ExampleAppUITests.swift in Sources */,
				DB4E0E1A29F7D828007D6341 /* ExampleAppUITestsLaunchTests.swift in Sources */,
			);
			runOnlyForDeploymentPostprocessing = 0;
		};
/* End PBXSourcesBuildPhase section */

/* Begin PBXTargetDependency section */
		DB4E0E0B29F7D828007D6341 /* PBXTargetDependency */ = {
			isa = PBXTargetDependency;
			target = DB4E0DF229F7D822007D6341 /* ExampleApp */;
			targetProxy = DB4E0E0A29F7D828007D6341 /* PBXContainerItemProxy */;
		};
		DB4E0E1529F7D828007D6341 /* PBXTargetDependency */ = {
			isa = PBXTargetDependency;
			target = DB4E0DF229F7D822007D6341 /* ExampleApp */;
			targetProxy = DB4E0E1429F7D828007D6341 /* PBXContainerItemProxy */;
		};
/* End PBXTargetDependency section */

/* Begin XCBuildConfiguration section */
		DB4E0E1B29F7D828007D6341 /* Debug */ = {
			isa = XCBuildConfiguration;
			buildSettings = {
				ALWAYS_SEARCH_USER_PATHS = NO;
				CLANG_ANALYZER_NONNULL = YES;
				CLANG_ANALYZER_NUMBER_OBJECT_CONVERSION = YES_AGGRESSIVE;
				CLANG_CXX_LANGUAGE_STANDARD = "gnu++20";
				CLANG_ENABLE_MODULES = YES;
				CLANG_ENABLE_OBJC_ARC = YES;
				CLANG_ENABLE_OBJC_WEAK = YES;
				CLANG_WARN_BLOCK_CAPTURE_AUTORELEASING = YES;
				CLANG_WARN_BOOL_CONVERSION = YES;
				CLANG_WARN_COMMA = YES;
				CLANG_WARN_CONSTANT_CONVERSION = YES;
				CLANG_WARN_DEPRECATED_OBJC_IMPLEMENTATIONS = YES;
				CLANG_WARN_DIRECT_OBJC_ISA_USAGE = YES_ERROR;
				CLANG_WARN_DOCUMENTATION_COMMENTS = YES;
				CLANG_WARN_EMPTY_BODY = YES;
				CLANG_WARN_ENUM_CONVERSION = YES;
				CLANG_WARN_INFINITE_RECURSION = YES;
				CLANG_WARN_INT_CONVERSION = YES;
				CLANG_WARN_NON_LITERAL_NULL_CONVERSION = YES;
				CLANG_WARN_OBJC_IMPLICIT_RETAIN_SELF = YES;
				CLANG_WARN_OBJC_LITERAL_CONVERSION = YES;
				CLANG_WARN_OBJC_ROOT_CLASS = YES_ERROR;
				CLANG_WARN_QUOTED_INCLUDE_IN_FRAMEWORK_HEADER = YES;
				CLANG_WARN_RANGE_LOOP_ANALYSIS = YES;
				CLANG_WARN_STRICT_PROTOTYPES = YES;
				CLANG_WARN_SUSPICIOUS_MOVE = YES;
				CLANG_WARN_UNGUARDED_AVAILABILITY = YES_AGGRESSIVE;
				CLANG_WARN_UNREACHABLE_CODE = YES;
				CLANG_WARN__DUPLICATE_METHOD_MATCH = YES;
				COPY_PHASE_STRIP = NO;
				DEBUG_INFORMATION_FORMAT = dwarf;
				ENABLE_STRICT_OBJC_MSGSEND = YES;
				ENABLE_TESTABILITY = YES;
				GCC_C_LANGUAGE_STANDARD = gnu11;
				GCC_DYNAMIC_NO_PIC = NO;
				GCC_NO_COMMON_BLOCKS = YES;
				GCC_OPTIMIZATION_LEVEL = 0;
				GCC_PREPROCESSOR_DEFINITIONS = (
					"DEBUG=1",
					"$(inherited)",
				);
				GCC_WARN_64_TO_32_BIT_CONVERSION = YES;
				GCC_WARN_ABOUT_RETURN_TYPE = YES_ERROR;
				GCC_WARN_UNDECLARED_SELECTOR = YES;
				GCC_WARN_UNINITIALIZED_AUTOS = YES_AGGRESSIVE;
				GCC_WARN_UNUSED_FUNCTION = YES;
				GCC_WARN_UNUSED_VARIABLE = YES;
				IPHONEOS_DEPLOYMENT_TARGET = 14.0;
				MTL_ENABLE_DEBUG_INFO = INCLUDE_SOURCE;
				MTL_FAST_MATH = YES;
				ONLY_ACTIVE_ARCH = YES;
				SDKROOT = iphoneos;
				SWIFT_ACTIVE_COMPILATION_CONDITIONS = DEBUG;
				SWIFT_OPTIMIZATION_LEVEL = "-Onone";
			};
			name = Debug;
		};
		DB4E0E1C29F7D828007D6341 /* Release */ = {
			isa = XCBuildConfiguration;
			buildSettings = {
				ALWAYS_SEARCH_USER_PATHS = NO;
				CLANG_ANALYZER_NONNULL = YES;
				CLANG_ANALYZER_NUMBER_OBJECT_CONVERSION = YES_AGGRESSIVE;
				CLANG_CXX_LANGUAGE_STANDARD = "gnu++20";
				CLANG_ENABLE_MODULES = YES;
				CLANG_ENABLE_OBJC_ARC = YES;
				CLANG_ENABLE_OBJC_WEAK = YES;
				CLANG_WARN_BLOCK_CAPTURE_AUTORELEASING = YES;
				CLANG_WARN_BOOL_CONVERSION = YES;
				CLANG_WARN_COMMA = YES;
				CLANG_WARN_CONSTANT_CONVERSION = YES;
				CLANG_WARN_DEPRECATED_OBJC_IMPLEMENTATIONS = YES;
				CLANG_WARN_DIRECT_OBJC_ISA_USAGE = YES_ERROR;
				CLANG_WARN_DOCUMENTATION_COMMENTS = YES;
				CLANG_WARN_EMPTY_BODY = YES;
				CLANG_WARN_ENUM_CONVERSION = YES;
				CLANG_WARN_INFINITE_RECURSION = YES;
				CLANG_WARN_INT_CONVERSION = YES;
				CLANG_WARN_NON_LITERAL_NULL_CONVERSION = YES;
				CLANG_WARN_OBJC_IMPLICIT_RETAIN_SELF = YES;
				CLANG_WARN_OBJC_LITERAL_CONVERSION = YES;
				CLANG_WARN_OBJC_ROOT_CLASS = YES_ERROR;
				CLANG_WARN_QUOTED_INCLUDE_IN_FRAMEWORK_HEADER = YES;
				CLANG_WARN_RANGE_LOOP_ANALYSIS = YES;
				CLANG_WARN_STRICT_PROTOTYPES = YES;
				CLANG_WARN_SUSPICIOUS_MOVE = YES;
				CLANG_WARN_UNGUARDED_AVAILABILITY = YES_AGGRESSIVE;
				CLANG_WARN_UNREACHABLE_CODE = YES;
				CLANG_WARN__DUPLICATE_METHOD_MATCH = YES;
				COPY_PHASE_STRIP = NO;
				DEBUG_INFORMATION_FORMAT = "dwarf-with-dsym";
				ENABLE_NS_ASSERTIONS = NO;
				ENABLE_STRICT_OBJC_MSGSEND = YES;
				GCC_C_LANGUAGE_STANDARD = gnu11;
				GCC_NO_COMMON_BLOCKS = YES;
				GCC_WARN_64_TO_32_BIT_CONVERSION = YES;
				GCC_WARN_ABOUT_RETURN_TYPE = YES_ERROR;
				GCC_WARN_UNDECLARED_SELECTOR = YES;
				GCC_WARN_UNINITIALIZED_AUTOS = YES_AGGRESSIVE;
				GCC_WARN_UNUSED_FUNCTION = YES;
				GCC_WARN_UNUSED_VARIABLE = YES;
				IPHONEOS_DEPLOYMENT_TARGET = 14.0;
				MTL_ENABLE_DEBUG_INFO = NO;
				MTL_FAST_MATH = YES;
				SDKROOT = iphoneos;
				SWIFT_COMPILATION_MODE = wholemodule;
				SWIFT_OPTIMIZATION_LEVEL = "-O";
				VALIDATE_PRODUCT = YES;
			};
			name = Release;
		};
		DB4E0E1E29F7D828007D6341 /* Debug */ = {
			isa = XCBuildConfiguration;
			buildSettings = {
				ASSETCATALOG_COMPILER_APPICON_NAME = AppIcon;
				ASSETCATALOG_COMPILER_GLOBAL_ACCENT_COLOR_NAME = AccentColor;
				CODE_SIGN_IDENTITY = "Apple Development";
				"CODE_SIGN_IDENTITY[sdk=iphoneos*]" = "iPhone Distribution";
				CODE_SIGN_STYLE = Manual;
				CURRENT_PROJECT_VERSION = 1;
				DEVELOPMENT_ASSET_PATHS = "\"ExampleApp/Preview Content\"";
				DEVELOPMENT_TEAM = "";
				"DEVELOPMENT_TEAM[sdk=iphoneos*]" = 5579AKUF8S;
				ENABLE_PREVIEWS = YES;
				GENERATE_INFOPLIST_FILE = YES;
				INFOPLIST_KEY_UIApplicationSceneManifest_Generation = YES;
				INFOPLIST_KEY_UIApplicationSupportsIndirectInputEvents = YES;
				INFOPLIST_KEY_UILaunchScreen_Generation = YES;
				INFOPLIST_KEY_UISupportedInterfaceOrientations_iPad = "UIInterfaceOrientationPortrait UIInterfaceOrientationPortraitUpsideDown UIInterfaceOrientationLandscapeLeft UIInterfaceOrientationLandscapeRight";
				INFOPLIST_KEY_UISupportedInterfaceOrientations_iPhone = "UIInterfaceOrientationPortrait UIInterfaceOrientationLandscapeLeft UIInterfaceOrientationLandscapeRight";
				IPHONEOS_DEPLOYMENT_TARGET = 14.0;
				LD_RUNPATH_SEARCH_PATHS = (
					"$(inherited)",
					"@executable_path/Frameworks",
				);
				MARKETING_VERSION = 1.0;
				PRODUCT_BUNDLE_IDENTIFIER = app.demo.cicd;
				PRODUCT_NAME = "$(TARGET_NAME)";
				PROVISIONING_PROFILE_SPECIFIER = "";
				"PROVISIONING_PROFILE_SPECIFIER[sdk=iphoneos*]" = New_CICD12052023;
				SWIFT_EMIT_LOC_STRINGS = YES;
				SWIFT_VERSION = 5.0;
				TARGETED_DEVICE_FAMILY = "1,2";
			};
			name = Debug;
		};
		DB4E0E1F29F7D828007D6341 /* Release */ = {
			isa = XCBuildConfiguration;
			buildSettings = {
				ASSETCATALOG_COMPILER_APPICON_NAME = AppIcon;
				ASSETCATALOG_COMPILER_GLOBAL_ACCENT_COLOR_NAME = AccentColor;
				CODE_SIGN_IDENTITY = "Apple Development";
				"CODE_SIGN_IDENTITY[sdk=iphoneos*]" = "iPhone Distribution";
				CODE_SIGN_STYLE = Manual;
				CURRENT_PROJECT_VERSION = 1;
				DEVELOPMENT_ASSET_PATHS = "\"ExampleApp/Preview Content\"";
				DEVELOPMENT_TEAM = "";
				"DEVELOPMENT_TEAM[sdk=iphoneos*]" = 5579AKUF8S;
				ENABLE_PREVIEWS = YES;
				GENERATE_INFOPLIST_FILE = YES;
				INFOPLIST_KEY_UIApplicationSceneManifest_Generation = YES;
				INFOPLIST_KEY_UIApplicationSupportsIndirectInputEvents = YES;
				INFOPLIST_KEY_UILaunchScreen_Generation = YES;
				INFOPLIST_KEY_UISupportedInterfaceOrientations_iPad = "UIInterfaceOrientationPortrait UIInterfaceOrientationPortraitUpsideDown UIInterfaceOrientationLandscapeLeft UIInterfaceOrientationLandscapeRight";
				INFOPLIST_KEY_UISupportedInterfaceOrientations_iPhone = "UIInterfaceOrientationPortrait UIInterfaceOrientationLandscapeLeft UIInterfaceOrientationLandscapeRight";
				IPHONEOS_DEPLOYMENT_TARGET = 14.0;
				LD_RUNPATH_SEARCH_PATHS = (
					"$(inherited)",
					"@executable_path/Frameworks",
				);
				MARKETING_VERSION = 1.0;
				PRODUCT_BUNDLE_IDENTIFIER = app.demo.cicd;
				PRODUCT_NAME = "$(TARGET_NAME)";
				PROVISIONING_PROFILE_SPECIFIER = "";
				"PROVISIONING_PROFILE_SPECIFIER[sdk=iphoneos*]" = New_CICD12052023;
				SWIFT_EMIT_LOC_STRINGS = YES;
				SWIFT_VERSION = 5.0;
				TARGETED_DEVICE_FAMILY = "1,2";
			};
			name = Release;
		};
		DB4E0E2129F7D828007D6341 /* Debug */ = {
			isa = XCBuildConfiguration;
			buildSettings = {
				ALWAYS_EMBED_SWIFT_STANDARD_LIBRARIES = YES;
				BUNDLE_LOADER = "$(TEST_HOST)";
				"CODE_SIGN_IDENTITY[sdk=iphoneos*]" = "iPhone Distribution";
				CODE_SIGN_STYLE = Manual;
				CURRENT_PROJECT_VERSION = 1;
				DEVELOPMENT_TEAM = "";
				"DEVELOPMENT_TEAM[sdk=iphoneos*]" = "";
				GENERATE_INFOPLIST_FILE = YES;
				IPHONEOS_DEPLOYMENT_TARGET = 14.0;
				MARKETING_VERSION = 1.0;
				PRODUCT_BUNDLE_IDENTIFIER = test.demo.com;
				PRODUCT_NAME = "$(TARGET_NAME)";
				PROVISIONING_PROFILE_SPECIFIER = "";
				"PROVISIONING_PROFILE_SPECIFIER[sdk=iphoneos*]" = "";
				SWIFT_EMIT_LOC_STRINGS = NO;
				SWIFT_VERSION = 5.0;
				TARGETED_DEVICE_FAMILY = "1,2";
				TEST_HOST = "$(BUILT_PRODUCTS_DIR)/ExampleApp.app/$(BUNDLE_EXECUTABLE_FOLDER_PATH)/ExampleApp";
			};
			name = Debug;
		};
		DB4E0E2229F7D828007D6341 /* Release */ = {
			isa = XCBuildConfiguration;
			buildSettings = {
				ALWAYS_EMBED_SWIFT_STANDARD_LIBRARIES = YES;
				BUNDLE_LOADER = "$(TEST_HOST)";
				"CODE_SIGN_IDENTITY[sdk=iphoneos*]" = "iPhone Distribution";
				CODE_SIGN_STYLE = Manual;
				CURRENT_PROJECT_VERSION = 1;
				DEVELOPMENT_TEAM = "";
				"DEVELOPMENT_TEAM[sdk=iphoneos*]" = "";
				GENERATE_INFOPLIST_FILE = YES;
				IPHONEOS_DEPLOYMENT_TARGET = 14.0;
				MARKETING_VERSION = 1.0;
				PRODUCT_BUNDLE_IDENTIFIER = app.demo.cicd;
				PRODUCT_NAME = "$(TARGET_NAME)";
				PROVISIONING_PROFILE_SPECIFIER = "";
				"PROVISIONING_PROFILE_SPECIFIER[sdk=iphoneos*]" = "";
				SWIFT_EMIT_LOC_STRINGS = NO;
				SWIFT_VERSION = 5.0;
				TARGETED_DEVICE_FAMILY = "1,2";
				TEST_HOST = "$(BUILT_PRODUCTS_DIR)/ExampleApp.app/$(BUNDLE_EXECUTABLE_FOLDER_PATH)/ExampleApp";
			};
			name = Release;
		};
		DB4E0E2429F7D828007D6341 /* Debug */ = {
			isa = XCBuildConfiguration;
			buildSettings = {
				ALWAYS_EMBED_SWIFT_STANDARD_LIBRARIES = YES;
				CODE_SIGN_STYLE = Manual;
				CURRENT_PROJECT_VERSION = 1;
				DEVELOPMENT_TEAM = "";
				GENERATE_INFOPLIST_FILE = YES;
				MARKETING_VERSION = 1.0;
				PRODUCT_BUNDLE_IDENTIFIER = test.ui.demo;
				PRODUCT_NAME = "$(TARGET_NAME)";
				PROVISIONING_PROFILE_SPECIFIER = "";
				SWIFT_EMIT_LOC_STRINGS = NO;
				SWIFT_VERSION = 5.0;
				TARGETED_DEVICE_FAMILY = "1,2";
				TEST_TARGET_NAME = ExampleApp;
			};
			name = Debug;
		};
		DB4E0E2529F7D828007D6341 /* Release */ = {
			isa = XCBuildConfiguration;
			buildSettings = {
				ALWAYS_EMBED_SWIFT_STANDARD_LIBRARIES = YES;
				CODE_SIGN_STYLE = Automatic;
				CURRENT_PROJECT_VERSION = 1;
				DEVELOPMENT_TEAM = 9X6R656Z24;
				GENERATE_INFOPLIST_FILE = YES;
				MARKETING_VERSION = 1.0;
				PRODUCT_BUNDLE_IDENTIFIER = com.shrc.ScreenshareCoreTest.ExampleAppUITests;
				PRODUCT_NAME = "$(TARGET_NAME)";
				SWIFT_EMIT_LOC_STRINGS = NO;
				SWIFT_VERSION = 5.0;
				TARGETED_DEVICE_FAMILY = "1,2";
				TEST_TARGET_NAME = ExampleApp;
			};
			name = Release;
		};
/* End XCBuildConfiguration section */

/* Begin XCConfigurationList section */
		DB4E0DEE29F7D821007D6341 /* Build configuration list for PBXProject "ExampleApp" */ = {
			isa = XCConfigurationList;
			buildConfigurations = (
				DB4E0E1B29F7D828007D6341 /* Debug */,
				DB4E0E1C29F7D828007D6341 /* Release */,
			);
			defaultConfigurationIsVisible = 0;
			defaultConfigurationName = Release;
		};
		DB4E0E1D29F7D828007D6341 /* Build configuration list for PBXNativeTarget "ExampleApp" */ = {
			isa = XCConfigurationList;
			buildConfigurations = (
				DB4E0E1E29F7D828007D6341 /* Debug */,
				DB4E0E1F29F7D828007D6341 /* Release */,
			);
			defaultConfigurationIsVisible = 0;
			defaultConfigurationName = Release;
		};
		DB4E0E2029F7D828007D6341 /* Build configuration list for PBXNativeTarget "ExampleAppTests" */ = {
			isa = XCConfigurationList;
			buildConfigurations = (
				DB4E0E2129F7D828007D6341 /* Debug */,
				DB4E0E2229F7D828007D6341 /* Release */,
			);
			defaultConfigurationIsVisible = 0;
			defaultConfigurationName = Release;
		};
		DB4E0E2329F7D828007D6341 /* Build configuration list for PBXNativeTarget "ExampleAppUITests" */ = {
			isa = XCConfigurationList;
			buildConfigurations = (
				DB4E0E2429F7D828007D6341 /* Debug */,
				DB4E0E2529F7D828007D6341 /* Release */,
			);
			defaultConfigurationIsVisible = 0;
			defaultConfigurationName = Release;
		};
/* End XCConfigurationList section */

/* Begin XCVersionGroup section */
		DB4E0E0129F7D827007D6341 /* ExampleApp.xcdatamodeld */ = {
			isa = XCVersionGroup;
			children = (
				DB4E0E0229F7D827007D6341 /* ExampleApp.xcdatamodel */,
			);
			currentVersion = DB4E0E0229F7D827007D6341 /* ExampleApp.xcdatamodel */;
			path = ExampleApp.xcdatamodeld;
			sourceTree = "<group>";
			versionGroupType = wrapper.xcdatamodel;
		};
/* End XCVersionGroup section */
	};
	rootObject = DB4E0DEB29F7D821007D6341 /* Project object */;
}
